
Microsoft Visual Studio Solution File, Format Version 12.00
# Visual Studio Version 17
VisualStudioVersion = 17.5.33627.172
MinimumVisualStudioVersion = 10.0.40219.1
Project("{FAE04EC0-301F-11D3-BF4B-00C04F79EFBC}") = "WebAppInsurance", "WebAppInsurance\WebAppInsurance.csproj", "{AC67E0AE-A690-4D50-9A26-E61ADC8D7F5B}"
EndProject
Global
	GlobalSection(SolutionConfigurationPlatforms) = preSolution
		Debug|Any CPU = Debug|Any CPU
		Release|Any CPU = Release|Any CPU
	EndGlobalSection
	GlobalSection(ProjectConfigurationPlatforms) = postSolution
		{AC67E0AE-A690-4D50-9A26-E61ADC8D7F5B}.Debug|Any CPU.ActiveCfg = Debug|Any CPU
		{AC67E0AE-A690-4D50-9A26-E61ADC8D7F5B}.Debug|Any CPU.Build.0 = Debug|Any CPU
		{AC67E0AE-A690-4D50-9A26-E61ADC8D7F5B}.Release|Any CPU.ActiveCfg = Release|Any CPU
		{AC67E0AE-A690-4D50-9A26-E61ADC8D7F5B}.Release|Any CPU.Build.0 = Release|Any CPU
	EndGlobalSection
	GlobalSection(SolutionProperties) = preSolution
		HideSolutionNode = FALSE
	EndGlobalSection
	GlobalSection(ExtensibilityGlobals) = postSolution
		SolutionGuid = {1062BA5E-5A58-40DE-8805-DF4DA40AE69A}
	EndGlobalSection
EndGlobal
